
Microsoft Visual Studio Solution File, Format Version 12.00
# Visual Studio Version 16
VisualStudioVersion = 16.0.31205.134
MinimumVisualStudioVersion = 10.0.40219.1
Project("{FAE04EC0-301F-11D3-BF4B-00C04F79EFBC}") = "CSharpGuessingNumberGame", "CSharpGuessingNumberGame\CSharpGuessingNumberGame.csproj", "{BD0F0617-B960-4DCF-9C70-158D0FDD013D}"
EndProject
Global
	GlobalSection(SolutionConfigurationPlatforms) = preSolution
		Debug|Any CPU = Debug|Any CPU
		Release|Any CPU = Release|Any CPU
	EndGlobalSection
	GlobalSection(ProjectConfigurationPlatforms) = postSolution
		{BD0F0617-B960-4DCF-9C70-158D0FDD013D}.Debug|Any CPU.ActiveCfg = Debug|Any CPU
		{BD0F0617-B960-4DCF-9C70-158D0FDD013D}.Debug|Any CPU.Build.0 = Debug|Any CPU
		{BD0F0617-B960-4DCF-9C70-158D0FDD013D}.Release|Any CPU.ActiveCfg = Release|Any CPU
		{BD0F0617-B960-4DCF-9C70-158D0FDD013D}.Release|Any CPU.Build.0 = Release|Any CPU
	EndGlobalSection
	GlobalSection(SolutionProperties) = preSolution
		HideSolutionNode = FALSE
	EndGlobalSection
	GlobalSection(ExtensibilityGlobals) = postSolution
		SolutionGuid = {CEF195CD-CC33-49AB-A8E4-AAB78DF488D2}
	EndGlobalSection
EndGlobal
